
Microsoft Visual Studio Solution File, Format Version 12.00
# Visual Studio Version 16
VisualStudioVersion = 16.0.29306.81
MinimumVisualStudioVersion = 10.0.40219.1
Project("{FAE04EC0-301F-11D3-BF4B-00C04F79EFBC}") = "HomeDatabase", "HomeDatabase\HomeDatabase.csproj", "{3F802DD6-C92B-4C18-ABB9-543A3D849799}"
EndProject
Global
	GlobalSection(SolutionConfigurationPlatforms) = preSolution
		Debug|Any CPU = Debug|Any CPU
		Release|Any CPU = Release|Any CPU
	EndGlobalSection
	GlobalSection(ProjectConfigurationPlatforms) = postSolution
		{3F802DD6-C92B-4C18-ABB9-543A3D849799}.Debug|Any CPU.ActiveCfg = Debug|Any CPU
		{3F802DD6-C92B-4C18-ABB9-543A3D849799}.Debug|Any CPU.Build.0 = Debug|Any CPU
		{3F802DD6-C92B-4C18-ABB9-543A3D849799}.Release|Any CPU.ActiveCfg = Release|Any CPU
		{3F802DD6-C92B-4C18-ABB9-543A3D849799}.Release|Any CPU.Build.0 = Release|Any CPU
	EndGlobalSection
	GlobalSection(SolutionProperties) = preSolution
		HideSolutionNode = FALSE
	EndGlobalSection
	GlobalSection(ExtensibilityGlobals) = postSolution
		SolutionGuid = {34B8AA54-ED0F-469E-8057-C4BE39B59A4E}
	EndGlobalSection
EndGlobal
